
Microsoft Visual Studio Solution File, Format Version 12.00
# Visual Studio 15
VisualStudioVersion = 15.0.28307.271
MinimumVisualStudioVersion = 10.0.40219.1
Project("{FAE04EC0-301F-11D3-BF4B-00C04F79EFBC}") = "拓扑生成", "拓扑生成\拓扑生成.csproj", "{7E0DF5C5-E1D3-4DB3-863E-ACF282A99358}"
EndProject
Global
	GlobalSection(SolutionConfigurationPlatforms) = preSolution
		Debug|Any CPU = Debug|Any CPU
		Release|Any CPU = Release|Any CPU
	EndGlobalSection
	GlobalSection(ProjectConfigurationPlatforms) = postSolution
		{7E0DF5C5-E1D3-4DB3-863E-ACF282A99358}.Debug|Any CPU.ActiveCfg = Debug|Any CPU
		{7E0DF5C5-E1D3-4DB3-863E-ACF282A99358}.Debug|Any CPU.Build.0 = Debug|Any CPU
		{7E0DF5C5-E1D3-4DB3-863E-ACF282A99358}.Release|Any CPU.ActiveCfg = Release|Any CPU
		{7E0DF5C5-E1D3-4DB3-863E-ACF282A99358}.Release|Any CPU.Build.0 = Release|Any CPU
	EndGlobalSection
	GlobalSection(SolutionProperties) = preSolution
		HideSolutionNode = FALSE
	EndGlobalSection
	GlobalSection(ExtensibilityGlobals) = postSolution
		SolutionGuid = {B3DD562B-478F-4FE5-BB69-34A2D9965CEC}
	EndGlobalSection
EndGlobal
